
Microsoft Visual Studio Solution File, Format Version 12.00
# Visual Studio 2013
VisualStudioVersion = 12.0.21005.1
MinimumVisualStudioVersion = 10.0.40219.1
Project("{FAE04EC0-301F-11D3-BF4B-00C04F79EFBC}") = "MVCCodeSample", "MVCCodeSample\MVCCodeSample.csproj", "{44AE923E-EC6F-483E-945B-5842903D75B3}"
EndProject
Project("{FAE04EC0-301F-11D3-BF4B-00C04F79EFBC}") = "Membership", "Membership\Membership.csproj", "{792D548B-AB32-4C35-9A07-41BAFF9DCB90}"
EndProject
Project("{FAE04EC0-301F-11D3-BF4B-00C04F79EFBC}") = "Helpers", "Helpers\Helpers.csproj", "{0658EEC4-08B7-4BD2-B3D4-5C6E8C2C5C86}"
EndProject
Global
	GlobalSection(SolutionConfigurationPlatforms) = preSolution
		Debug|Any CPU = Debug|Any CPU
		Release|Any CPU = Release|Any CPU
	EndGlobalSection
	GlobalSection(ProjectConfigurationPlatforms) = postSolution
		{44AE923E-EC6F-483E-945B-5842903D75B3}.Debug|Any CPU.ActiveCfg = Debug|Any CPU
		{44AE923E-EC6F-483E-945B-5842903D75B3}.Debug|Any CPU.Build.0 = Debug|Any CPU
		{44AE923E-EC6F-483E-945B-5842903D75B3}.Release|Any CPU.ActiveCfg = Release|Any CPU
		{44AE923E-EC6F-483E-945B-5842903D75B3}.Release|Any CPU.Build.0 = Release|Any CPU
		{792D548B-AB32-4C35-9A07-41BAFF9DCB90}.Debug|Any CPU.ActiveCfg = Debug|Any CPU
		{792D548B-AB32-4C35-9A07-41BAFF9DCB90}.Debug|Any CPU.Build.0 = Debug|Any CPU
		{792D548B-AB32-4C35-9A07-41BAFF9DCB90}.Release|Any CPU.ActiveCfg = Release|Any CPU
		{792D548B-AB32-4C35-9A07-41BAFF9DCB90}.Release|Any CPU.Build.0 = Release|Any CPU
		{0658EEC4-08B7-4BD2-B3D4-5C6E8C2C5C86}.Debug|Any CPU.ActiveCfg = Debug|Any CPU
		{0658EEC4-08B7-4BD2-B3D4-5C6E8C2C5C86}.Debug|Any CPU.Build.0 = Debug|Any CPU
		{0658EEC4-08B7-4BD2-B3D4-5C6E8C2C5C86}.Release|Any CPU.ActiveCfg = Release|Any CPU
		{0658EEC4-08B7-4BD2-B3D4-5C6E8C2C5C86}.Release|Any CPU.Build.0 = Release|Any CPU
	EndGlobalSection
	GlobalSection(SolutionProperties) = preSolution
		HideSolutionNode = FALSE
	EndGlobalSection
EndGlobal
